
Microsoft Visual Studio Solution File, Format Version 12.00
# Visual Studio Version 16
VisualStudioVersion = 16.0.32228.343
MinimumVisualStudioVersion = 10.0.40219.1
Project("{FAE04EC0-301F-11D3-BF4B-00C04F79EFBC}") = "UltimaPractica.Android", "UltimaPractica.Android\UltimaPractica.Android.csproj", "{2042993F-6CD5-4D4A-BD7E-A9DBC9273505}"
EndProject
Project("{FAE04EC0-301F-11D3-BF4B-00C04F79EFBC}") = "UltimaPractica.iOS", "UltimaPractica.iOS\UltimaPractica.iOS.csproj", "{72127B71-693F-4979-A68A-7ADC5B8B176B}"
EndProject
Project("{FAE04EC0-301F-11D3-BF4B-00C04F79EFBC}") = "UltimaPractica", "UltimaPractica\UltimaPractica.csproj", "{949B40FD-5A03-458C-B708-A708AE59B65C}"
EndProject
Global
	GlobalSection(SolutionConfigurationPlatforms) = preSolution
		Debug|Any CPU = Debug|Any CPU
		Debug|iPhone = Debug|iPhone
		Debug|iPhoneSimulator = Debug|iPhoneSimulator
		Release|Any CPU = Release|Any CPU
		Release|iPhone = Release|iPhone
		Release|iPhoneSimulator = Release|iPhoneSimulator
	EndGlobalSection
	GlobalSection(ProjectConfigurationPlatforms) = postSolution
		{2042993F-6CD5-4D4A-BD7E-A9DBC9273505}.Debug|Any CPU.ActiveCfg = Debug|Any CPU
		{2042993F-6CD5-4D4A-BD7E-A9DBC9273505}.Debug|Any CPU.Build.0 = Debug|Any CPU
		{2042993F-6CD5-4D4A-BD7E-A9DBC9273505}.Debug|Any CPU.Deploy.0 = Debug|Any CPU
		{2042993F-6CD5-4D4A-BD7E-A9DBC9273505}.Debug|iPhone.ActiveCfg = Debug|Any CPU
		{2042993F-6CD5-4D4A-BD7E-A9DBC9273505}.Debug|iPhone.Build.0 = Debug|Any CPU
		{2042993F-6CD5-4D4A-BD7E-A9DBC9273505}.Debug|iPhone.Deploy.0 = Debug|Any CPU
		{2042993F-6CD5-4D4A-BD7E-A9DBC9273505}.Debug|iPhoneSimulator.ActiveCfg = Debug|Any CPU
		{2042993F-6CD5-4D4A-BD7E-A9DBC9273505}.Debug|iPhoneSimulator.Build.0 = Debug|Any CPU
		{2042993F-6CD5-4D4A-BD7E-A9DBC9273505}.Debug|iPhoneSimulator.Deploy.0 = Debug|Any CPU
		{2042993F-6CD5-4D4A-BD7E-A9DBC9273505}.Release|Any CPU.ActiveCfg = Release|Any CPU
		{2042993F-6CD5-4D4A-BD7E-A9DBC9273505}.Release|Any CPU.Build.0 = Release|Any CPU
		{2042993F-6CD5-4D4A-BD7E-A9DBC9273505}.Release|Any CPU.Deploy.0 = Release|Any CPU
		{2042993F-6CD5-4D4A-BD7E-A9DBC9273505}.Release|iPhone.ActiveCfg = Release|Any CPU
		{2042993F-6CD5-4D4A-BD7E-A9DBC9273505}.Release|iPhone.Build.0 = Release|Any CPU
		{2042993F-6CD5-4D4A-BD7E-A9DBC9273505}.Release|iPhone.Deploy.0 = Release|Any CPU
		{2042993F-6CD5-4D4A-BD7E-A9DBC9273505}.Release|iPhoneSimulator.ActiveCfg = Release|Any CPU
		{2042993F-6CD5-4D4A-BD7E-A9DBC9273505}.Release|iPhoneSimulator.Build.0 = Release|Any CPU
		{2042993F-6CD5-4D4A-BD7E-A9DBC9273505}.Release|iPhoneSimulator.Deploy.0 = Release|Any CPU
		{72127B71-693F-4979-A68A-7ADC5B8B176B}.Debug|Any CPU.ActiveCfg = Debug|iPhone
		{72127B71-693F-4979-A68A-7ADC5B8B176B}.Debug|Any CPU.Build.0 = Debug|iPhone
		{72127B71-693F-4979-A68A-7ADC5B8B176B}.Debug|Any CPU.Deploy.0 = Debug|iPhone
		{72127B71-693F-4979-A68A-7ADC5B8B176B}.Debug|iPhone.ActiveCfg = Debug|iPhone
		{72127B71-693F-4979-A68A-7ADC5B8B176B}.Debug|iPhone.Build.0 = Debug|iPhone
		{72127B71-693F-4979-A68A-7ADC5B8B176B}.Debug|iPhone.Deploy.0 = Debug|iPhone
		{72127B71-693F-4979-A68A-7ADC5B8B176B}.Debug|iPhoneSimulator.ActiveCfg = Debug|iPhoneSimulator
		{72127B71-693F-4979-A68A-7ADC5B8B176B}.Debug|iPhoneSimulator.Build.0 = Debug|iPhoneSimulator
		{72127B71-693F-4979-A68A-7ADC5B8B176B}.Debug|iPhoneSimulator.Deploy.0 = Debug|iPhoneSimulator
		{72127B71-693F-4979-A68A-7ADC5B8B176B}.Release|Any CPU.ActiveCfg = Release|iPhoneSimulator
		{72127B71-693F-4979-A68A-7ADC5B8B176B}.Release|Any CPU.Build.0 = Release|iPhoneSimulator
		{72127B71-693F-4979-A68A-7ADC5B8B176B}.Release|Any CPU.Deploy.0 = Release|iPhoneSimulator
		{72127B71-693F-4979-A68A-7ADC5B8B176B}.Release|iPhone.ActiveCfg = Release|iPhone
		{72127B71-693F-4979-A68A-7ADC5B8B176B}.Release|iPhone.Build.0 = Release|iPhone
		{72127B71-693F-4979-A68A-7ADC5B8B176B}.Release|iPhone.Deploy.0 = Release|iPhone
		{72127B71-693F-4979-A68A-7ADC5B8B176B}.Release|iPhoneSimulator.ActiveCfg = Release|iPhoneSimulator
		{72127B71-693F-4979-A68A-7ADC5B8B176B}.Release|iPhoneSimulator.Build.0 = Release|iPhoneSimulator
		{72127B71-693F-4979-A68A-7ADC5B8B176B}.Release|iPhoneSimulator.Deploy.0 = Release|iPhoneSimulator
		{949B40FD-5A03-458C-B708-A708AE59B65C}.Debug|Any CPU.ActiveCfg = Debug|Any CPU
		{949B40FD-5A03-458C-B708-A708AE59B65C}.Debug|Any CPU.Build.0 = Debug|Any CPU
		{949B40FD-5A03-458C-B708-A708AE59B65C}.Debug|Any CPU.Deploy.0 = Debug|Any CPU
		{949B40FD-5A03-458C-B708-A708AE59B65C}.Debug|iPhone.ActiveCfg = Debug|Any CPU
		{949B40FD-5A03-458C-B708-A708AE59B65C}.Debug|iPhone.Build.0 = Debug|Any CPU
		{949B40FD-5A03-458C-B708-A708AE59B65C}.Debug|iPhone.Deploy.0 = Debug|Any CPU
		{949B40FD-5A03-458C-B708-A708AE59B65C}.Debug|iPhoneSimulator.ActiveCfg = Debug|Any CPU
		{949B40FD-5A03-458C-B708-A708AE59B65C}.Debug|iPhoneSimulator.Build.0 = Debug|Any CPU
		{949B40FD-5A03-458C-B708-A708AE59B65C}.Debug|iPhoneSimulator.Deploy.0 = Debug|Any CPU
		{949B40FD-5A03-458C-B708-A708AE59B65C}.Release|Any CPU.ActiveCfg = Release|Any CPU
		{949B40FD-5A03-458C-B708-A708AE59B65C}.Release|Any CPU.Build.0 = Release|Any CPU
		{949B40FD-5A03-458C-B708-A708AE59B65C}.Release|Any CPU.Deploy.0 = Release|Any CPU
		{949B40FD-5A03-458C-B708-A708AE59B65C}.Release|iPhone.ActiveCfg = Release|Any CPU
		{949B40FD-5A03-458C-B708-A708AE59B65C}.Release|iPhone.Build.0 = Release|Any CPU
		{949B40FD-5A03-458C-B708-A708AE59B65C}.Release|iPhone.Deploy.0 = Release|Any CPU
		{949B40FD-5A03-458C-B708-A708AE59B65C}.Release|iPhoneSimulator.ActiveCfg = Release|Any CPU
		{949B40FD-5A03-458C-B708-A708AE59B65C}.Release|iPhoneSimulator.Build.0 = Release|Any CPU
		{949B40FD-5A03-458C-B708-A708AE59B65C}.Release|iPhoneSimulator.Deploy.0 = Release|Any CPU
	EndGlobalSection
	GlobalSection(SolutionProperties) = preSolution
		HideSolutionNode = FALSE
	EndGlobalSection
	GlobalSection(ExtensibilityGlobals) = postSolution
		SolutionGuid = {CBA0DDCE-5059-4071-851A-12B0677803D1}
	EndGlobalSection
EndGlobal
